# This file is automatically @generated by Poetry 1.8.2 and should not be changed by hand.

[[package]]
name = "certifi"
version = "2024.2.2"
description = "Python package for providing Mozilla's CA Bundle."
optional = false
python-versions = ">=3.6"
files = [
    {file = "certifi-2024.2.2-py3-none-any.whl", hash = "sha256:dc383c07b76109f368f6106eee2b593b04a011ea4d55f652c6ca24a754d1cdd1"},
    {file = "certifi-2024.2.2.tar.gz", hash = "sha256:0569859f95fc761b18b45ef421b1290a0f65f147e92a1e5eb3e635f9a5e4e66f"},
]

[[package]]
name = "cffi"
version = "1.16.0"
description = "Foreign Function Interface for Python calling C code."
optional = false
python-versions = ">=3.8"
files = [
    {file = "cffi-1.16.0-cp310-cp310-macosx_10_9_x86_64.whl", hash = "sha256:6b3d6606d369fc1da4fd8c357d026317fbb9c9b75d36dc16e90e84c26854b088"},
    {file = "cffi-1.16.0-cp310-cp310-macosx_11_0_arm64.whl", hash = "sha256:ac0f5edd2360eea2f1daa9e26a41db02dd4b0451b48f7c318e217ee092a213e9"},
    {file = "cffi-1.16.0-cp310-cp310-manylinux_2_12_i686.manylinux2010_i686.manylinux_2_17_i686.manylinux2014_i686.whl", hash = "sha256:7e61e3e4fa664a8588aa25c883eab612a188c725755afff6289454d6362b9673"},
    {file = "cffi-1.16.0-cp310-cp310-manylinux_2_17_aarch64.manylinux2014_aarch64.whl", hash = "sha256:a72e8961a86d19bdb45851d8f1f08b041ea37d2bd8d4fd19903bc3083d80c896"},
    {file = "cffi-1.16.0-cp310-cp310-manylinux_2_17_ppc64le.manylinux2014_ppc64le.whl", hash = "sha256:5b50bf3f55561dac5438f8e70bfcdfd74543fd60df5fa5f62d94e5867deca684"},
    {file = "cffi-1.16.0-cp310-cp310-manylinux_2_17_s390x.manylinux2014_s390x.whl", hash = "sha256:7651c50c8c5ef7bdb41108b7b8c5a83013bfaa8a935590c5d74627c047a583c7"},
    {file = "cffi-1.16.0-cp310-cp310-manylinux_2_17_x86_64.manylinux2014_x86_64.whl", hash = "sha256:e4108df7fe9b707191e55f33efbcb2d81928e10cea45527879a4749cbe472614"},
    {file = "cffi-1.16.0-cp310-cp310-musllinux_1_1_i686.whl", hash = "sha256:32c68ef735dbe5857c810328cb2481e24722a59a2003018885514d4c09af9743"},
    {file = "cffi-1.16.0-cp310-cp310-musllinux_1_1_x86_64.whl", hash = "sha256:673739cb539f8cdaa07d92d02efa93c9ccf87e345b9a0b556e3ecc666718468d"},
    {file = "cffi-1.16.0-cp310-cp310-win32.whl", hash = "sha256:9f90389693731ff1f659e55c7d1640e2ec43ff725cc61b04b2f9c6d8d017df6a"},
    {file = "cffi-1.16.0-cp310-cp310-win_amd64.whl", hash = "sha256:e6024675e67af929088fda399b2094574609396b1decb609c55fa58b028a32a1"},
    {file = "cffi-1.16.0-cp311-cp311-macosx_10_9_x86_64.whl", hash = "sha256:b84834d0cf97e7d27dd5b7f3aca7b6e9263c56308ab9dc8aae9784abb774d404"},
    {file = "cffi-1.16.0-cp311-cp311-macosx_11_0_arm64.whl", hash = "sha256:1b8ebc27c014c59692bb2664c7d13ce7a6e9a629be20e54e7271fa696ff2b417"},
    {file = "cffi-1.16.0-cp311-cp311-manylinux_2_12_i686.manylinux2010_i686.manylinux_2_17_i686.manylinux2014_i686.whl", hash = "sha256:ee07e47c12890ef248766a6e55bd38ebfb2bb8edd4142d56db91b21ea68b7627"},
    {file = "cffi-1.16.0-cp311-cp311-manylinux_2_17_aarch64.manylinux2014_aarch64.whl", hash = "sha256:d8a9d3ebe49f084ad71f9269834ceccbf398253c9fac910c4fd7053ff1386936"},
    {file = "cffi-1.16.0-cp311-cp311-manylinux_2_17_ppc64le.manylinux2014_ppc64le.whl", hash = "sha256:e70f54f1796669ef691ca07d046cd81a29cb4deb1e5f942003f401c0c4a2695d"},
    {file = "cffi-1.16.0-cp311-cp311-manylinux_2_17_s390x.manylinux2014_s390x.whl", hash = "sha256:5bf44d66cdf9e893637896c7faa22298baebcd18d1ddb6d2626a6e39793a1d56"},
    {file = "cffi-1.16.0-cp311-cp311-manylinux_2_17_x86_64.manylinux2014_x86_64.whl", hash = "sha256:7b78010e7b97fef4bee1e896df8a4bbb6712b7f05b7ef630f9d1da00f6444d2e"},
    {file = "cffi-1.16.0-cp311-cp311-musllinux_1_1_i686.whl", hash = "sha256:c6a164aa47843fb1b01e941d385aab7215563bb8816d80ff3a363a9f8448a8dc"},
    {file = "cffi-1.16.0-cp311-cp311-musllinux_1_1_x86_64.whl", hash = "sha256:e09f3ff613345df5e8c3667da1d918f9149bd623cd9070c983c013792a9a62eb"},
    {file = "cffi-1.16.0-cp311-cp311-win32.whl", hash = "sha256:2c56b361916f390cd758a57f2e16233eb4f64bcbeee88a4881ea90fca14dc6ab"},
    {file = "cffi-1.16.0-cp311-cp311-win_amd64.whl", hash = "sha256:db8e577c19c0fda0beb7e0d4e09e0ba74b1e4c092e0e40bfa12fe05b6f6d75ba"},
    {file = "cffi-1.16.0-cp312-cp312-macosx_10_9_x86_64.whl", hash = "sha256:fa3a0128b152627161ce47201262d3140edb5a5c3da88d73a1b790a959126956"},
    {file = "cffi-1.16.0-cp312-cp312-macosx_11_0_arm64.whl", hash = "sha256:68e7c44931cc171c54ccb702482e9fc723192e88d25a0e133edd7aff8fcd1f6e"},
    {file = "cffi-1.16.0-cp312-cp312-manylinux_2_12_i686.manylinux2010_i686.manylinux_2_17_i686.manylinux2014_i686.whl", hash = "sha256:abd808f9c129ba2beda4cfc53bde801e5bcf9d6e0f22f095e45327c038bfe68e"},
    {file = "cffi-1.16.0-cp312-cp312-manylinux_2_17_aarch64.manylinux2014_aarch64.whl", hash = "sha256:88e2b3c14bdb32e440be531ade29d3c50a1a59cd4e51b1dd8b0865c54ea5d2e2"},
    {file = "cffi-1.16.0-cp312-cp312-manylinux_2_17_ppc64le.manylinux2014_ppc64le.whl", hash = "sha256:fcc8eb6d5902bb1cf6dc4f187ee3ea80a1eba0a89aba40a5cb20a5087d961357"},
    {file = "cffi-1.16.0-cp312-cp312-manylinux_2_17_s390x.manylinux2014_s390x.whl", hash = "sha256:b7be2d771cdba2942e13215c4e340bfd76398e9227ad10402a8767ab1865d2e6"},
    {file = "cffi-1.16.0-cp312-cp312-manylinux_2_17_x86_64.manylinux2014_x86_64.whl", hash = "sha256:e715596e683d2ce000574bae5d07bd522c781a822866c20495e52520564f0969"},
    {file = "cffi-1.16.0-cp312-cp312-musllinux_1_1_x86_64.whl", hash = "sha256:2d92b25dbf6cae33f65005baf472d2c245c050b1ce709cc4588cdcdd5495b520"},
    {file = "cffi-1.16.0-cp312-cp312-win32.whl", hash = "sha256:b2ca4e77f9f47c55c194982e10f058db063937845bb2b7a86c84a6cfe0aefa8b"},
    {file = "cffi-1.16.0-cp312-cp312-win_amd64.whl", hash = "sha256:68678abf380b42ce21a5f2abde8efee05c114c2fdb2e9eef2efdb0257fba1235"},
    {file = "cffi-1.16.0-cp38-cp38-macosx_10_9_x86_64.whl", hash = "sha256:0c9ef6ff37e974b73c25eecc13952c55bceed9112be2d9d938ded8e856138bcc"},
    {file = "cffi-1.16.0-cp38-cp38-manylinux_2_12_i686.manylinux2010_i686.manylinux_2_17_i686.manylinux2014_i686.whl", hash = "sha256:a09582f178759ee8128d9270cd1344154fd473bb77d94ce0aeb2a93ebf0feaf0"},
    {file = "cffi-1.16.0-cp38-cp38-manylinux_2_17_aarch64.manylinux2014_aarch64.whl", hash = "sha256:e760191dd42581e023a68b758769e2da259b5d52e3103c6060ddc02c9edb8d7b"},
    {file = "cffi-1.16.0-cp38-cp38-manylinux_2_17_ppc64le.manylinux2014_ppc64le.whl", hash = "sha256:80876338e19c951fdfed6198e70bc88f1c9758b94578d5a7c4c91a87af3cf31c"},
    {file = "cffi-1.16.0-cp38-cp38-manylinux_2_17_s390x.manylinux2014_s390x.whl", hash = "sha256:a6a14b17d7e17fa0d207ac08642c8820f84f25ce17a442fd15e27ea18d67c59b"},
    {file = "cffi-1.16.0-cp38-cp38-manylinux_2_17_x86_64.manylinux2014_x86_64.whl", hash = "sha256:6602bc8dc6f3a9e02b6c22c4fc1e47aa50f8f8e6d3f78a5e16ac33ef5fefa324"},
    {file = "cffi-1.16.0-cp38-cp38-win32.whl", hash = "sha256:131fd094d1065b19540c3d72594260f118b231090295d8c34e19a7bbcf2e860a"},
    {file = "cffi-1.16.0-cp38-cp38-win_amd64.whl", hash = "sha256:31d13b0f99e0836b7ff893d37af07366ebc90b678b6664c955b54561fc36ef36"},
    {file = "cffi-1.16.0-cp39-cp39-macosx_10_9_x86_64.whl", hash = "sha256:582215a0e9adbe0e379761260553ba11c58943e4bbe9c36430c4ca6ac74b15ed"},
    {file = "cffi-1.16.0-cp39-cp39-macosx_11_0_arm64.whl", hash = "sha256:b29ebffcf550f9da55bec9e02ad430c992a87e5f512cd63388abb76f1036d8d2"},
    {file = "cffi-1.16.0-cp39-cp39-manylinux_2_12_i686.manylinux2010_i686.manylinux_2_17_i686.manylinux2014_i686.whl", hash = "sha256:dc9b18bf40cc75f66f40a7379f6a9513244fe33c0e8aa72e2d56b0196a7ef872"},
    {file = "cffi-1.16.0-cp39-cp39-manylinux_2_17_aarch64.manylinux2014_aarch64.whl", hash = "sha256:9cb4a35b3642fc5c005a6755a5d17c6c8b6bcb6981baf81cea8bfbc8903e8ba8"},
    {file = "cffi-1.16.0-cp39-cp39-manylinux_2_17_ppc64le.manylinux2014_ppc64le.whl", hash = "sha256:b86851a328eedc692acf81fb05444bdf1891747c25af7529e39ddafaf68a4f3f"},
    {file = "cffi-1.16.0-cp39-cp39-manylinux_2_17_s390x.manylinux2014_s390x.whl", hash = "sha256:c0f31130ebc2d37cdd8e44605fb5fa7ad59049298b3f745c74fa74c62fbfcfc4"},
    {file = "cffi-1.16.0-cp39-cp39-manylinux_2_17_x86_64.manylinux2014_x86_64.whl", hash = "sha256:8f8e709127c6c77446a8c0a8c8bf3c8ee706a06cd44b1e827c3e6a2ee6b8c098"},
    {file = "cffi-1.16.0-cp39-cp39-musllinux_1_1_i686.whl", hash = "sha256:748dcd1e3d3d7cd5443ef03ce8685043294ad6bd7c02a38d1bd367cfd968e000"},
    {file = "cffi-1.16.0-cp39-cp39-musllinux_1_1_x86_64.whl", hash = "sha256:8895613bcc094d4a1b2dbe179d88d7fb4a15cee43c052e8885783fac397d91fe"},
    {file = "cffi-1.16.0-cp39-cp39-win32.whl", hash = "sha256:ed86a35631f7bfbb28e108dd96773b9d5a6ce4811cf6ea468bb6a359b256b1e4"},
    {file = "cffi-1.16.0-cp39-cp39-win_amd64.whl", hash = "sha256:3686dffb02459559c74dd3d81748269ffb0eb027c39a6fc99502de37d501faa8"},
    {file = "cffi-1.16.0.tar.gz", hash = "sha256:bcb3ef43e58665bbda2fb198698fcae6776483e0c4a631aa5647806c25e02cc0"},
]

[package.dependencies]
pycparser = "*"

[[package]]
name = "click"
version = "8.1.7"
description = "Composable command line interface toolkit"
optional = false
python-versions = ">=3.7"
files = [
    {file = "click-8.1.7-py3-none-any.whl", hash = "sha256:ae74fb96c20a0277a1d615f1e4d73c8414f5a98db8b799a7931d1582f3390c28"},
    {file = "click-8.1.7.tar.gz", hash = "sha256:ca9853ad459e787e2192211578cc907e7594e294c7ccc834310722b41b9ca6de"},
]

[package.dependencies]
colorama = {version = "*", markers = "platform_system == \"Windows\""}

[[package]]
name = "colorama"
version = "0.4.6"
description = "Cross-platform colored terminal text."
optional = false
python-versions = "!=3.0.*,!=3.1.*,!=3.2.*,!=3.3.*,!=3.4.*,!=3.5.*,!=3.6.*,>=2.7"
files = [
    {file = "colorama-0.4.6-py2.py3-none-any.whl", hash = "sha256:4f1d9991f5acc0ca119f9d443620b77f9d6b33703e51011c16baf57afb285fc6"},
    {file = "colorama-0.4.6.tar.gz", hash = "sha256:08695f5cb7ed6e0531a20572697297273c47b8cae5a63ffc6d6ed5c201be6e44"},
]

[[package]]
name = "curl-cffi"
version = "0.6.3"
description = "libcurl ffi bindings for Python, with impersonation support."
optional = false
python-versions = ">=3.8"
files = [
    {file = "curl_cffi-0.6.3-cp38-abi3-macosx_10_9_x86_64.whl", hash = "sha256:ac60ac08f07640bd9ee6ee44310748931a3d49a7c8e878745f1817b46ff0719d"},
    {file = "curl_cffi-0.6.3-cp38-abi3-macosx_11_0_arm64.whl", hash = "sha256:d78a609c3b984df9a14022c0b5fc59c1c643c39fc4cb9100e110f7551339a194"},
    {file = "curl_cffi-0.6.3-cp38-abi3-manylinux_2_17_aarch64.manylinux2014_aarch64.whl", hash = "sha256:760b7b837c86626f2c9518c3bad42aad3b6ccb455499b648bc98e8dee9f73891"},
    {file = "curl_cffi-0.6.3-cp38-abi3-manylinux_2_17_i686.manylinux2014_i686.whl", hash = "sha256:5423c2f53f8889bcc9ce42455fc1c0c9487b480944f66aaa6ed5ce81e0fc5540"},
    {file = "curl_cffi-0.6.3-cp38-abi3-manylinux_2_17_x86_64.manylinux2014_x86_64.whl", hash = "sha256:4b4712bc9a8a0d933aef7051eaa5448b9a1c662f25dd83967dbdd46aa3e418c0"},
    {file = "curl_cffi-0.6.3-cp38-abi3-musllinux_1_1_aarch64.whl", hash = "sha256:5d659acbe051805b9f9c82a7725d534b5842c1a9291159e7733e7c92782ef80b"},
    {file = "curl_cffi-0.6.3-cp38-abi3-musllinux_1_1_x86_64.whl", hash = "sha256:ea9b04df071368d13b02c51e87e3e51b46b924be61681fc280cb9633b42dac2c"},
    {file = "curl_cffi-0.6.3-cp38-abi3-win32.whl", hash = "sha256:0f37e3d761e37173462dbc95ae4216165dacef21f0d9ab6bb6802003516a156f"},
    {file = "curl_cffi-0.6.3-cp38-abi3-win_amd64.whl", hash = "sha256:dd36513cd46eb8f2751d45e3aa47a989421d3f3a2bcc54abab487ae38549d91b"},
    {file = "curl_cffi-0.6.3.tar.gz", hash = "sha256:0d2d07467590d66982f29a8dc9050b6a1f41a6c4bb44dcbf24108b13cf71a797"},
]

[package.dependencies]
certifi = ">=2024.2.2"
cffi = ">=1.12.0"

[package.extras]
build = ["cibuildwheel", "wheel"]
dev = ["autoflake (==1.4)", "charset-normalizer (>=3.3.2,<4)", "coverage (==6.4.1)", "cryptography (==38.0.3)", "flake8 (==6.0.0)", "flake8-bugbear (==22.7.1)", "flake8-pie (==0.15.0)", "httpx (==0.23.1)", "mypy (==1.9.0)", "pytest (==7.1.2)", "pytest-asyncio (==0.19.0)", "pytest-trio (==0.7.0)", "ruff (==0.3.3)", "trio (==0.21.0)", "trio-typing (==0.7.0)", "trustme (==0.9.0)", "types-certifi (==2021.10.8.2)", "uvicorn (==0.18.3)", "websockets (==11.0.3)"]
test = ["charset-normalizer (>=3.3.2,<4)", "cryptography (==38.0.3)", "fastapi (==0.100.0)", "httpx (==0.23.1)", "proxy.py (==2.4.3)", "pytest (==7.1.2)", "pytest-asyncio (==0.19.0)", "pytest-trio (==0.7.0)", "python-multipart (==0.0.6)", "trio (==0.21.0)", "trio-typing (==0.7.0)", "trustme (==0.9.0)", "types-certifi (==2021.10.8.2)", "uvicorn (==0.18.3)", "websockets (==11.0.3)"]

[[package]]
name = "duckduckgo-search"
version = "5.3.0"
description = "Search for words, documents, images, news, maps and text translation using the DuckDuckGo.com search engine."
optional = false
python-versions = ">=3.8"
files = [
    {file = "duckduckgo_search-5.3.0-py3-none-any.whl", hash = "sha256:c6a6ddc3cdefc6bb7736c49fa9bdbd0a7a6bdf7ace50260cf06f8300341c9441"},
    {file = "duckduckgo_search-5.3.0.tar.gz", hash = "sha256:da6328f977295077d1095625474060b688980ae14bc196cee05f13a74f801e9a"},
]

[package.dependencies]
click = ">=8.1.7"
curl-cffi = ">=0.6.2"
orjson = ">=3.10.0"

[package.extras]
dev = ["mypy (>=1.9.0)", "pytest (>=8.1.1)", "ruff (>=0.3.4)"]
lxml = ["lxml (>=5.1.1)"]

[[package]]
name = "markdown-it-py"
version = "3.0.0"
description = "Python port of markdown-it. Markdown parsing, done right!"
optional = false
python-versions = ">=3.8"
files = [
    {file = "markdown-it-py-3.0.0.tar.gz", hash = "sha256:e3f60a94fa066dc52ec76661e37c851cb232d92f9886b15cb560aaada2df8feb"},
    {file = "markdown_it_py-3.0.0-py3-none-any.whl", hash = "sha256:355216845c60bd96232cd8d8c40e8f9765cc86f46880e43a8fd22dc1a1a8cab1"},
]

[package.dependencies]
mdurl = ">=0.1,<1.0"

[package.extras]
benchmarking = ["psutil", "pytest", "pytest-benchmark"]
code-style = ["pre-commit (>=3.0,<4.0)"]
compare = ["commonmark (>=0.9,<1.0)", "markdown (>=3.4,<4.0)", "mistletoe (>=1.0,<2.0)", "mistune (>=2.0,<3.0)", "panflute (>=2.3,<3.0)"]
linkify = ["linkify-it-py (>=1,<3)"]
plugins = ["mdit-py-plugins"]
profiling = ["gprof2dot"]
rtd = ["jupyter_sphinx", "mdit-py-plugins", "myst-parser", "pyyaml", "sphinx", "sphinx-copybutton", "sphinx-design", "sphinx_book_theme"]
testing = ["coverage", "pytest", "pytest-cov", "pytest-regressions"]

[[package]]
name = "mdurl"
version = "0.1.2"
description = "Markdown URL utilities"
optional = false
python-versions = ">=3.7"
files = [
    {file = "mdurl-0.1.2-py3-none-any.whl", hash = "sha256:84008a41e51615a49fc9966191ff91509e3c40b939176e643fd50a5c2196b8f8"},
    {file = "mdurl-0.1.2.tar.gz", hash = "sha256:bb413d29f5eea38f31dd4754dd7377d4465116fb207585f97bf925588687c1ba"},
]

[[package]]
name = "orjson"
version = "3.10.1"
description = "Fast, correct Python JSON library supporting dataclasses, datetimes, and numpy"
optional = false
python-versions = ">=3.8"
files = [
    {file = "orjson-3.10.1-cp310-cp310-macosx_10_15_x86_64.macosx_11_0_arm64.macosx_10_15_universal2.whl", hash = "sha256:8ec2fc456d53ea4a47768f622bb709be68acd455b0c6be57e91462259741c4f3"},
    {file = "orjson-3.10.1-cp310-cp310-manylinux_2_17_aarch64.manylinux2014_aarch64.whl", hash = "sha256:2e900863691d327758be14e2a491931605bd0aded3a21beb6ce133889830b659"},
    {file = "orjson-3.10.1-cp310-cp310-manylinux_2_17_armv7l.manylinux2014_armv7l.whl", hash = "sha256:ab6ecbd6fe57785ebc86ee49e183f37d45f91b46fc601380c67c5c5e9c0014a2"},
    {file = "orjson-3.10.1-cp310-cp310-manylinux_2_17_ppc64le.manylinux2014_ppc64le.whl", hash = "sha256:8af7c68b01b876335cccfb4eee0beef2b5b6eae1945d46a09a7c24c9faac7a77"},
    {file = "orjson-3.10.1-cp310-cp310-manylinux_2_17_s390x.manylinux2014_s390x.whl", hash = "sha256:915abfb2e528677b488a06eba173e9d7706a20fdfe9cdb15890b74ef9791b85e"},
    {file = "orjson-3.10.1-cp310-cp310-manylinux_2_17_x86_64.manylinux2014_x86_64.whl", hash = "sha256:fe3fd4a36eff9c63d25503b439531d21828da9def0059c4f472e3845a081aa0b"},
    {file = "orjson-3.10.1-cp310-cp310-musllinux_1_2_aarch64.whl", hash = "sha256:d229564e72cfc062e6481a91977a5165c5a0fdce11ddc19ced8471847a67c517"},
    {file = "orjson-3.10.1-cp310-cp310-musllinux_1_2_x86_64.whl", hash = "sha256:9e00495b18304173ac843b5c5fbea7b6f7968564d0d49bef06bfaeca4b656f4e"},
    {file = "orjson-3.10.1-cp310-none-win32.whl", hash = "sha256:fd78ec55179545c108174ba19c1795ced548d6cac4d80d014163033c047ca4ea"},
    {file = "orjson-3.10.1-cp310-none-win_amd64.whl", hash = "sha256:50ca42b40d5a442a9e22eece8cf42ba3d7cd4cd0f2f20184b4d7682894f05eec"},
    {file = "orjson-3.10.1-cp311-cp311-macosx_10_15_x86_64.macosx_11_0_arm64.macosx_10_15_universal2.whl", hash = "sha256:b345a3d6953628df2f42502297f6c1e1b475cfbf6268013c94c5ac80e8abc04c"},
    {file = "orjson-3.10.1-cp311-cp311-manylinux_2_17_aarch64.manylinux2014_aarch64.whl", hash = "sha256:caa7395ef51af4190d2c70a364e2f42138e0e5fcb4bc08bc9b76997659b27dab"},
    {file = "orjson-3.10.1-cp311-cp311-manylinux_2_17_armv7l.manylinux2014_armv7l.whl", hash = "sha256:b01d701decd75ae092e5f36f7b88a1e7a1d3bb7c9b9d7694de850fb155578d5a"},
    {file = "orjson-3.10.1-cp311-cp311-manylinux_2_17_ppc64le.manylinux2014_ppc64le.whl", hash = "sha256:b5028981ba393f443d8fed9049211b979cadc9d0afecf162832f5a5b152c6297"},
    {file = "orjson-3.10.1-cp311-cp311-manylinux_2_17_s390x.manylinux2014_s390x.whl", hash = "sha256:31ff6a222ea362b87bf21ff619598a4dc1106aaafaea32b1c4876d692891ec27"},
    {file = "orjson-3.10.1-cp311-cp311-manylinux_2_17_x86_64.manylinux2014_x86_64.whl", hash = "sha256:e852a83d7803d3406135fb7a57cf0c1e4a3e73bac80ec621bd32f01c653849c5"},
    {file = "orjson-3.10.1-cp311-cp311-musllinux_1_2_aarch64.whl", hash = "sha256:2567bc928ed3c3fcd90998009e8835de7c7dc59aabcf764b8374d36044864f3b"},
    {file = "orjson-3.10.1-cp311-cp311-musllinux_1_2_x86_64.whl", hash = "sha256:4ce98cac60b7bb56457bdd2ed7f0d5d7f242d291fdc0ca566c83fa721b52e92d"},
    {file = "orjson-3.10.1-cp311-none-win32.whl", hash = "sha256:813905e111318acb356bb8029014c77b4c647f8b03f314e7b475bd9ce6d1a8ce"},
    {file = "orjson-3.10.1-cp311-none-win_amd64.whl", hash = "sha256:03a3ca0b3ed52bed1a869163a4284e8a7b0be6a0359d521e467cdef7e8e8a3ee"},
    {file = "orjson-3.10.1-cp312-cp312-macosx_10_15_x86_64.macosx_11_0_arm64.macosx_10_15_universal2.whl", hash = "sha256:f02c06cee680b1b3a8727ec26c36f4b3c0c9e2b26339d64471034d16f74f4ef5"},
    {file = "orjson-3.10.1-cp312-cp312-manylinux_2_17_aarch64.manylinux2014_aarch64.whl", hash = "sha256:b1aa2f127ac546e123283e437cc90b5ecce754a22306c7700b11035dad4ccf85"},
    {file = "orjson-3.10.1-cp312-cp312-manylinux_2_17_armv7l.manylinux2014_armv7l.whl", hash = "sha256:2cf29b4b74f585225196944dffdebd549ad2af6da9e80db7115984103fb18a96"},
    {file = "orjson-3.10.1-cp312-cp312-manylinux_2_17_ppc64le.manylinux2014_ppc64le.whl", hash = "sha256:a1b130c20b116f413caf6059c651ad32215c28500dce9cd029a334a2d84aa66f"},
    {file = "orjson-3.10.1-cp312-cp312-manylinux_2_17_s390x.manylinux2014_s390x.whl", hash = "sha256:d31f9a709e6114492136e87c7c6da5e21dfedebefa03af85f3ad72656c493ae9"},
    {file = "orjson-3.10.1-cp312-cp312-manylinux_2_17_x86_64.manylinux2014_x86_64.whl", hash = "sha256:5d1d169461726f271ab31633cf0e7e7353417e16fb69256a4f8ecb3246a78d6e"},
    {file = "orjson-3.10.1-cp312-cp312-musllinux_1_2_aarch64.whl", hash = "sha256:57c294d73825c6b7f30d11c9e5900cfec9a814893af7f14efbe06b8d0f25fba9"},
    {file = "orjson-3.10.1-cp312-cp312-musllinux_1_2_x86_64.whl", hash = "sha256:d7f11dbacfa9265ec76b4019efffabaabba7a7ebf14078f6b4df9b51c3c9a8ea"},
    {file = "orjson-3.10.1-cp312-none-win32.whl", hash = "sha256:d89e5ed68593226c31c76ab4de3e0d35c760bfd3fbf0a74c4b2be1383a1bf123"},
    {file = "orjson-3.10.1-cp312-none-win_amd64.whl", hash = "sha256:aa76c4fe147fd162107ce1692c39f7189180cfd3a27cfbc2ab5643422812da8e"},
    {file = "orjson-3.10.1-cp38-cp38-macosx_10_15_x86_64.macosx_11_0_arm64.macosx_10_15_universal2.whl", hash = "sha256:a2c6a85c92d0e494c1ae117befc93cf8e7bca2075f7fe52e32698da650b2c6d1"},
    {file = "orjson-3.10.1-cp38-cp38-manylinux_2_17_aarch64.manylinux2014_aarch64.whl", hash = "sha256:9813f43da955197d36a7365eb99bed42b83680801729ab2487fef305b9ced866"},
    {file = "orjson-3.10.1-cp38-cp38-manylinux_2_17_armv7l.manylinux2014_armv7l.whl", hash = "sha256:ec917b768e2b34b7084cb6c68941f6de5812cc26c6f1a9fecb728e36a3deb9e8"},
    {file = "orjson-3.10.1-cp38-cp38-manylinux_2_17_ppc64le.manylinux2014_ppc64le.whl", hash = "sha256:5252146b3172d75c8a6d27ebca59c9ee066ffc5a277050ccec24821e68742fdf"},
    {file = "orjson-3.10.1-cp38-cp38-manylinux_2_17_s390x.manylinux2014_s390x.whl", hash = "sha256:536429bb02791a199d976118b95014ad66f74c58b7644d21061c54ad284e00f4"},
    {file = "orjson-3.10.1-cp38-cp38-manylinux_2_17_x86_64.manylinux2014_x86_64.whl", hash = "sha256:7dfed3c3e9b9199fb9c3355b9c7e4649b65f639e50ddf50efdf86b45c6de04b5"},
    {file = "orjson-3.10.1-cp38-cp38-musllinux_1_2_aarch64.whl", hash = "sha256:2b230ec35f188f003f5b543644ae486b2998f6afa74ee3a98fc8ed2e45960afc"},
    {file = "orjson-3.10.1-cp38-cp38-musllinux_1_2_x86_64.whl", hash = "sha256:01234249ba19c6ab1eb0b8be89f13ea21218b2d72d496ef085cfd37e1bae9dd8"},
    {file = "orjson-3.10.1-cp38-none-win32.whl", hash = "sha256:8a884fbf81a3cc22d264ba780920d4885442144e6acaa1411921260416ac9a54"},
    {file = "orjson-3.10.1-cp38-none-win_amd64.whl", hash = "sha256:dab5f802d52b182163f307d2b1f727d30b1762e1923c64c9c56dd853f9671a49"},
    {file = "orjson-3.10.1-cp39-cp39-macosx_10_15_x86_64.macosx_11_0_arm64.macosx_10_15_universal2.whl", hash = "sha256:a51fd55d4486bc5293b7a400f9acd55a2dc3b5fc8420d5ffe9b1d6bb1a056a5e"},
    {file = "orjson-3.10.1-cp39-cp39-manylinux_2_17_aarch64.manylinux2014_aarch64.whl", hash = "sha256:53521542a6db1411b3bfa1b24ddce18605a3abdc95a28a67b33f9145f26aa8f2"},
    {file = "orjson-3.10.1-cp39-cp39-manylinux_2_17_armv7l.manylinux2014_armv7l.whl", hash = "sha256:27d610df96ac18ace4931411d489637d20ab3b8f63562b0531bba16011998db0"},
    {file = "orjson-3.10.1-cp39-cp39-manylinux_2_17_ppc64le.manylinux2014_ppc64le.whl", hash = "sha256:79244b1456e5846d44e9846534bd9e3206712936d026ea8e6a55a7374d2c0694"},
    {file = "orjson-3.10.1-cp39-cp39-manylinux_2_17_s390x.manylinux2014_s390x.whl", hash = "sha256:d751efaa8a49ae15cbebdda747a62a9ae521126e396fda8143858419f3b03610"},
    {file = "orjson-3.10.1-cp39-cp39-manylinux_2_17_x86_64.manylinux2014_x86_64.whl", hash = "sha256:27ff69c620a4fff33267df70cfd21e0097c2a14216e72943bd5414943e376d77"},
    {file = "orjson-3.10.1-cp39-cp39-musllinux_1_2_aarch64.whl", hash = "sha256:ebc58693464146506fde0c4eb1216ff6d4e40213e61f7d40e2f0dde9b2f21650"},
    {file = "orjson-3.10.1-cp39-cp39-musllinux_1_2_x86_64.whl", hash = "sha256:5be608c3972ed902e0143a5b8776d81ac1059436915d42defe5c6ae97b3137a4"},
    {file = "orjson-3.10.1-cp39-none-win32.whl", hash = "sha256:4ae10753e7511d359405aadcbf96556c86e9dbf3a948d26c2c9f9a150c52b091"},
    {file = "orjson-3.10.1-cp39-none-win_amd64.whl", hash = "sha256:fb5bc4caa2c192077fdb02dce4e5ef8639e7f20bec4e3a834346693907362932"},
    {file = "orjson-3.10.1.tar.gz", hash = "sha256:a883b28d73370df23ed995c466b4f6c708c1f7a9bdc400fe89165c96c7603204"},
]

[[package]]
name = "pycparser"
version = "2.22"
description = "C parser in Python"
optional = false
python-versions = ">=3.8"
files = [
    {file = "pycparser-2.22-py3-none-any.whl", hash = "sha256:c3702b6d3dd8c7abc1afa565d7e63d53a1d0bd86cdc24edd75470f4de499cfcc"},
    {file = "pycparser-2.22.tar.gz", hash = "sha256:491c8be9c040f5390f5bf44a5b07752bd07f56edf992381b05c701439eec10f6"},
]

[[package]]
name = "pygments"
version = "2.17.2"
description = "Pygments is a syntax highlighting package written in Python."
optional = false
python-versions = ">=3.7"
files = [
    {file = "pygments-2.17.2-py3-none-any.whl", hash = "sha256:b27c2826c47d0f3219f29554824c30c5e8945175d888647acd804ddd04af846c"},
    {file = "pygments-2.17.2.tar.gz", hash = "sha256:da46cec9fd2de5be3a8a784f434e4c4ab670b4ff54d605c4c2717e9d49c4c367"},
]

[package.extras]
plugins = ["importlib-metadata"]
windows-terminal = ["colorama (>=0.4.6)"]

[[package]]
name = "rich"
version = "13.7.1"
description = "Render rich text, tables, progress bars, syntax highlighting, markdown and more to the terminal"
optional = false
python-versions = ">=3.7.0"
files = [
    {file = "rich-13.7.1-py3-none-any.whl", hash = "sha256:4edbae314f59eb482f54e9e30bf00d33350aaa94f4bfcd4e9e3110e64d0d7222"},
    {file = "rich-13.7.1.tar.gz", hash = "sha256:9be308cb1fe2f1f57d67ce99e95af38a1e2bc71ad9813b0e247cf7ffbcc3a432"},
]

[package.dependencies]
markdown-it-py = ">=2.2.0"
pygments = ">=2.13.0,<3.0.0"
typing-extensions = {version = ">=4.0.0,<5.0", markers = "python_version < \"3.9\""}

[package.extras]
jupyter = ["ipywidgets (>=7.5.1,<9)"]

[[package]]
name = "typing-extensions"
version = "4.11.0"
description = "Backported and Experimental Type Hints for Python 3.8+"
optional = false
python-versions = ">=3.8"
files = [
    {file = "typing_extensions-4.11.0-py3-none-any.whl", hash = "sha256:c1f94d72897edaf4ce775bb7558d5b79d8126906a14ea5ed1635921406c0387a"},
    {file = "typing_extensions-4.11.0.tar.gz", hash = "sha256:83f085bd5ca59c80295fc2a82ab5dac679cbe02b9f33f7d83af68e241bea51b0"},
]

[metadata]
lock-version = "2.0"
python-versions = "^3.8"
content-hash = "70ea3e3239996705cd205235edccf151d6983f9603121e456c1a03e5d0e87540"
